<?xml version="1.0" encoding="utf-8"?>
<Project ToolsVersion="4.0" xmlns="http://schemas.microsoft.com/developer/msbuild/2003">
	<ItemGroup>
		<ClInclude Include="stdafx.h" />
		<ClInclude Include="project.h" />
		<ClInclude Include="windowing.h" />
		<ClInclude Include="dialogs.h" />
		<ClInclude Include="Debugging.h" />
		<ClInclude Include="Console.h" />
		<ClInclude Include="ProcessLaunch.h" />
		<ClInclude Include="loggers\stdafx.h">
			<Filter>loggers</Filter>
		</ClInclude>
		<ClInclude Include="loggers\DebuggerLogger.h">
			<Filter>loggers</Filter>
		</ClInclude>
		<ClInclude Include="loggers\project.h">
			<Filter>loggers</Filter>
		</ClInclude>
		<ClInclude Include="Errors.h" />
	</ItemGroup>
	<ItemGroup>
		<ClCompile Include="dllmain.cpp" />
		<ClCompile Include="stdafx.cpp" />
		<ClCompile Include="windowing.cpp" />
		<ClCompile Include="dialogs.cpp" />
		<ClCompile Include="Debugging.cpp" />
		<ClCompile Include="Console.cpp" />
		<ClCompile Include="uuid.cpp" />
		<ClCompile Include="MemoryRegion.cpp" />
		<ClCompile Include="ThreadSettings.cpp" />
		<ClCompile Include="ProcessLaunch.cpp" />
		<ClCompile Include="loggers\DebuggerLogger.cpp">
			<Filter>loggers</Filter>
		</ClCompile>
		<ClCompile Include="Errors.cpp" />
	</ItemGroup>
	<ItemGroup>
		<None Include="project.32.def" />
		<None Include="project.64.def" />
	</ItemGroup>
	<ItemGroup>
		<Filter Include="loggers">
			<UniqueIdentifier>{35b2e371-3a0f-4859-8a48-0f76add6a3f3}</UniqueIdentifier>
		</Filter>
	</ItemGroup>
</Project>