
Microsoft Visual Studio Solution File, Format Version 12.00
# Visual Studio 14
VisualStudioVersion = 14.0.25420.1
MinimumVisualStudioVersion = 10.0.40219.1
Project("{8BC9CEB8-8B4A-11D0-8D11-00A0C91BC942}") = "retrofit", "apps\retrofit\retrofit.vcxproj", "{2AFB1F47-0BF1-4C51-BF15-79892E5725A6}"
EndProject
Project("{8BC9CEB8-8B4A-11D0-8D11-00A0C91BC942}") = "core", "libs\core\core.vcxproj", "{85E6A570-BCE9-4837-8513-8A5BBA06634C}"
EndProject
Project("{8BC9CEB8-8B4A-11D0-8D11-00A0C91BC942}") = "gtest", "third_party\googletest\msvc\gtest.vcxproj", "{C8F6C172-56F2-4E76-B5FA-C3B423B31BE7}"
EndProject
Project("{2150E333-8FDC-42A3-9474-1A3956D46DE8}") = "third_party", "third_party", "{386096D8-50A9-4232-B37F-F7EA18EB3742}"
EndProject
Project("{8BC9CEB8-8B4A-11D0-8D11-00A0C91BC942}") = "core_test", "libs\core_test\core_test.vcxproj", "{E21D2683-E07F-4AD4-81B1-50F89611D9A0}"
EndProject
Project("{8BC9CEB8-8B4A-11D0-8D11-00A0C91BC942}") = "PlatformUtils_win32", "libs\PlatformUtils_win32\PlatformUtils_win32.vcxproj", "{76AC6911-6A5A-44D3-8D87-807B3720D68A}"
EndProject
Project("{8BC9CEB8-8B4A-11D0-8D11-00A0C91BC942}") = "SimpleGL", "libs\SimpleGL\SimpleGL.vcxproj", "{231205E8-EAC1-40D6-B0A4-913803CFC243}"
EndProject
Project("{8BC9CEB8-8B4A-11D0-8D11-00A0C91BC942}") = "core_platform", "libs\core_platform\core_platform.vcxproj", "{293C2CB7-EC6B-4002-A815-CDB480A2752F}"
EndProject
Project("{8BC9CEB8-8B4A-11D0-8D11-00A0C91BC942}") = "stb_image", "third_party\stb_image\stb_image.vcxproj", "{C2ADEEE6-0AB0-4B7C-833F-7B96832F1A01}"
EndProject
Project("{2150E333-8FDC-42A3-9474-1A3956D46DE8}") = "libs", "libs", "{A2374516-760A-4631-809E-A9876D8253D7}"
EndProject
Project("{2150E333-8FDC-42A3-9474-1A3956D46DE8}") = "core", "core", "{4C2D7D6C-0C6A-46EC-9809-A255A81E2310}"
EndProject
Project("{2150E333-8FDC-42A3-9474-1A3956D46DE8}") = "platform", "platform", "{3EC23263-D4ED-4E38-995F-C0391F560049}"
EndProject
Project("{2150E333-8FDC-42A3-9474-1A3956D46DE8}") = "gfx", "gfx", "{4D703CB8-8428-4CFA-944D-C706E431619D}"
EndProject
Project("{8BC9CEB8-8B4A-11D0-8D11-00A0C91BC942}") = "PPU", "libs\PPU\PPU.vcxproj", "{CD506C73-100B-4E08-ACD1-8AD079EE9363}"
EndProject
Project("{8BC9CEB8-8B4A-11D0-8D11-00A0C91BC942}") = "core_math", "libs\core_math\core_math.vcxproj", "{D445A586-71A5-4228-8CC9-7E77EBD059D8}"
EndProject
Project("{8BC9CEB8-8B4A-11D0-8D11-00A0C91BC942}") = "core_input", "libs\core_input\core_input.vcxproj", "{CF0B2C7F-AD84-4337-BE90-0471E51B180C}"
EndProject
Project("{8BC9CEB8-8B4A-11D0-8D11-00A0C91BC942}") = "rftl", "libs\rftl\rftl.vcxproj", "{D27C937A-7856-4C13-BBE5-895766D01E1F}"
EndProject
Global
	GlobalSection(SolutionConfigurationPlatforms) = preSolution
		Debug|x64 = Debug|x64
		Debug|x86 = Debug|x86
		Release|x64 = Release|x64
		Release|x86 = Release|x86
	EndGlobalSection
	GlobalSection(ProjectConfigurationPlatforms) = postSolution
		{2AFB1F47-0BF1-4C51-BF15-79892E5725A6}.Debug|x64.ActiveCfg = Debug|x64
		{2AFB1F47-0BF1-4C51-BF15-79892E5725A6}.Debug|x64.Build.0 = Debug|x64
		{2AFB1F47-0BF1-4C51-BF15-79892E5725A6}.Debug|x86.ActiveCfg = Debug|Win32
		{2AFB1F47-0BF1-4C51-BF15-79892E5725A6}.Debug|x86.Build.0 = Debug|Win32
		{2AFB1F47-0BF1-4C51-BF15-79892E5725A6}.Release|x64.ActiveCfg = Release|x64
		{2AFB1F47-0BF1-4C51-BF15-79892E5725A6}.Release|x64.Build.0 = Release|x64
		{2AFB1F47-0BF1-4C51-BF15-79892E5725A6}.Release|x86.ActiveCfg = Release|Win32
		{2AFB1F47-0BF1-4C51-BF15-79892E5725A6}.Release|x86.Build.0 = Release|Win32
		{85E6A570-BCE9-4837-8513-8A5BBA06634C}.Debug|x64.ActiveCfg = Debug|x64
		{85E6A570-BCE9-4837-8513-8A5BBA06634C}.Debug|x64.Build.0 = Debug|x64
		{85E6A570-BCE9-4837-8513-8A5BBA06634C}.Debug|x86.ActiveCfg = Debug|Win32
		{85E6A570-BCE9-4837-8513-8A5BBA06634C}.Debug|x86.Build.0 = Debug|Win32
		{85E6A570-BCE9-4837-8513-8A5BBA06634C}.Release|x64.ActiveCfg = Release|x64
		{85E6A570-BCE9-4837-8513-8A5BBA06634C}.Release|x64.Build.0 = Release|x64
		{85E6A570-BCE9-4837-8513-8A5BBA06634C}.Release|x86.ActiveCfg = Release|Win32
		{85E6A570-BCE9-4837-8513-8A5BBA06634C}.Release|x86.Build.0 = Release|Win32
		{C8F6C172-56F2-4E76-B5FA-C3B423B31BE7}.Debug|x64.ActiveCfg = Debug|x64
		{C8F6C172-56F2-4E76-B5FA-C3B423B31BE7}.Debug|x64.Build.0 = Debug|x64
		{C8F6C172-56F2-4E76-B5FA-C3B423B31BE7}.Debug|x86.ActiveCfg = Debug|Win32
		{C8F6C172-56F2-4E76-B5FA-C3B423B31BE7}.Debug|x86.Build.0 = Debug|Win32
		{C8F6C172-56F2-4E76-B5FA-C3B423B31BE7}.Release|x64.ActiveCfg = Release|x64
		{C8F6C172-56F2-4E76-B5FA-C3B423B31BE7}.Release|x64.Build.0 = Release|x64
		{C8F6C172-56F2-4E76-B5FA-C3B423B31BE7}.Release|x86.ActiveCfg = Release|Win32
		{C8F6C172-56F2-4E76-B5FA-C3B423B31BE7}.Release|x86.Build.0 = Release|Win32
		{E21D2683-E07F-4AD4-81B1-50F89611D9A0}.Debug|x64.ActiveCfg = Debug|x64
		{E21D2683-E07F-4AD4-81B1-50F89611D9A0}.Debug|x64.Build.0 = Debug|x64
		{E21D2683-E07F-4AD4-81B1-50F89611D9A0}.Debug|x86.ActiveCfg = Debug|Win32
		{E21D2683-E07F-4AD4-81B1-50F89611D9A0}.Debug|x86.Build.0 = Debug|Win32
		{E21D2683-E07F-4AD4-81B1-50F89611D9A0}.Release|x64.ActiveCfg = Release|x64
		{E21D2683-E07F-4AD4-81B1-50F89611D9A0}.Release|x64.Build.0 = Release|x64
		{E21D2683-E07F-4AD4-81B1-50F89611D9A0}.Release|x86.ActiveCfg = Release|Win32
		{E21D2683-E07F-4AD4-81B1-50F89611D9A0}.Release|x86.Build.0 = Release|Win32
		{76AC6911-6A5A-44D3-8D87-807B3720D68A}.Debug|x64.ActiveCfg = Debug|x64
		{76AC6911-6A5A-44D3-8D87-807B3720D68A}.Debug|x64.Build.0 = Debug|x64
		{76AC6911-6A5A-44D3-8D87-807B3720D68A}.Debug|x86.ActiveCfg = Debug|Win32
		{76AC6911-6A5A-44D3-8D87-807B3720D68A}.Debug|x86.Build.0 = Debug|Win32
		{76AC6911-6A5A-44D3-8D87-807B3720D68A}.Release|x64.ActiveCfg = Release|x64
		{76AC6911-6A5A-44D3-8D87-807B3720D68A}.Release|x64.Build.0 = Release|x64
		{76AC6911-6A5A-44D3-8D87-807B3720D68A}.Release|x86.ActiveCfg = Release|Win32
		{76AC6911-6A5A-44D3-8D87-807B3720D68A}.Release|x86.Build.0 = Release|Win32
		{231205E8-EAC1-40D6-B0A4-913803CFC243}.Debug|x64.ActiveCfg = Debug|x64
		{231205E8-EAC1-40D6-B0A4-913803CFC243}.Debug|x64.Build.0 = Debug|x64
		{231205E8-EAC1-40D6-B0A4-913803CFC243}.Debug|x86.ActiveCfg = Debug|Win32
		{231205E8-EAC1-40D6-B0A4-913803CFC243}.Debug|x86.Build.0 = Debug|Win32
		{231205E8-EAC1-40D6-B0A4-913803CFC243}.Release|x64.ActiveCfg = Release|x64
		{231205E8-EAC1-40D6-B0A4-913803CFC243}.Release|x64.Build.0 = Release|x64
		{231205E8-EAC1-40D6-B0A4-913803CFC243}.Release|x86.ActiveCfg = Release|Win32
		{231205E8-EAC1-40D6-B0A4-913803CFC243}.Release|x86.Build.0 = Release|Win32
		{293C2CB7-EC6B-4002-A815-CDB480A2752F}.Debug|x64.ActiveCfg = Debug|x64
		{293C2CB7-EC6B-4002-A815-CDB480A2752F}.Debug|x64.Build.0 = Debug|x64
		{293C2CB7-EC6B-4002-A815-CDB480A2752F}.Debug|x86.ActiveCfg = Debug|Win32
		{293C2CB7-EC6B-4002-A815-CDB480A2752F}.Debug|x86.Build.0 = Debug|Win32
		{293C2CB7-EC6B-4002-A815-CDB480A2752F}.Release|x64.ActiveCfg = Release|x64
		{293C2CB7-EC6B-4002-A815-CDB480A2752F}.Release|x64.Build.0 = Release|x64
		{293C2CB7-EC6B-4002-A815-CDB480A2752F}.Release|x86.ActiveCfg = Release|Win32
		{293C2CB7-EC6B-4002-A815-CDB480A2752F}.Release|x86.Build.0 = Release|Win32
		{C2ADEEE6-0AB0-4B7C-833F-7B96832F1A01}.Debug|x64.ActiveCfg = Debug|x64
		{C2ADEEE6-0AB0-4B7C-833F-7B96832F1A01}.Debug|x64.Build.0 = Debug|x64
		{C2ADEEE6-0AB0-4B7C-833F-7B96832F1A01}.Debug|x86.ActiveCfg = Debug|Win32
		{C2ADEEE6-0AB0-4B7C-833F-7B96832F1A01}.Debug|x86.Build.0 = Debug|Win32
		{C2ADEEE6-0AB0-4B7C-833F-7B96832F1A01}.Release|x64.ActiveCfg = Release|x64
		{C2ADEEE6-0AB0-4B7C-833F-7B96832F1A01}.Release|x64.Build.0 = Release|x64
		{C2ADEEE6-0AB0-4B7C-833F-7B96832F1A01}.Release|x86.ActiveCfg = Release|Win32
		{C2ADEEE6-0AB0-4B7C-833F-7B96832F1A01}.Release|x86.Build.0 = Release|Win32
		{CD506C73-100B-4E08-ACD1-8AD079EE9363}.Debug|x64.ActiveCfg = Debug|x64
		{CD506C73-100B-4E08-ACD1-8AD079EE9363}.Debug|x64.Build.0 = Debug|x64
		{CD506C73-100B-4E08-ACD1-8AD079EE9363}.Debug|x86.ActiveCfg = Debug|Win32
		{CD506C73-100B-4E08-ACD1-8AD079EE9363}.Debug|x86.Build.0 = Debug|Win32
		{CD506C73-100B-4E08-ACD1-8AD079EE9363}.Release|x64.ActiveCfg = Release|x64
		{CD506C73-100B-4E08-ACD1-8AD079EE9363}.Release|x64.Build.0 = Release|x64
		{CD506C73-100B-4E08-ACD1-8AD079EE9363}.Release|x86.ActiveCfg = Release|Win32
		{CD506C73-100B-4E08-ACD1-8AD079EE9363}.Release|x86.Build.0 = Release|Win32
		{D445A586-71A5-4228-8CC9-7E77EBD059D8}.Debug|x64.ActiveCfg = Debug|x64
		{D445A586-71A5-4228-8CC9-7E77EBD059D8}.Debug|x64.Build.0 = Debug|x64
		{D445A586-71A5-4228-8CC9-7E77EBD059D8}.Debug|x86.ActiveCfg = Debug|Win32
		{D445A586-71A5-4228-8CC9-7E77EBD059D8}.Debug|x86.Build.0 = Debug|Win32
		{D445A586-71A5-4228-8CC9-7E77EBD059D8}.Release|x64.ActiveCfg = Release|x64
		{D445A586-71A5-4228-8CC9-7E77EBD059D8}.Release|x64.Build.0 = Release|x64
		{D445A586-71A5-4228-8CC9-7E77EBD059D8}.Release|x86.ActiveCfg = Release|Win32
		{D445A586-71A5-4228-8CC9-7E77EBD059D8}.Release|x86.Build.0 = Release|Win32
		{CF0B2C7F-AD84-4337-BE90-0471E51B180C}.Debug|x64.ActiveCfg = Debug|x64
		{CF0B2C7F-AD84-4337-BE90-0471E51B180C}.Debug|x64.Build.0 = Debug|x64
		{CF0B2C7F-AD84-4337-BE90-0471E51B180C}.Debug|x86.ActiveCfg = Debug|Win32
		{CF0B2C7F-AD84-4337-BE90-0471E51B180C}.Debug|x86.Build.0 = Debug|Win32
		{CF0B2C7F-AD84-4337-BE90-0471E51B180C}.Release|x64.ActiveCfg = Release|x64
		{CF0B2C7F-AD84-4337-BE90-0471E51B180C}.Release|x64.Build.0 = Release|x64
		{CF0B2C7F-AD84-4337-BE90-0471E51B180C}.Release|x86.ActiveCfg = Release|Win32
		{CF0B2C7F-AD84-4337-BE90-0471E51B180C}.Release|x86.Build.0 = Release|Win32
		{D27C937A-7856-4C13-BBE5-895766D01E1F}.Debug|x64.ActiveCfg = Debug|x64
		{D27C937A-7856-4C13-BBE5-895766D01E1F}.Debug|x64.Build.0 = Debug|x64
		{D27C937A-7856-4C13-BBE5-895766D01E1F}.Debug|x86.ActiveCfg = Debug|Win32
		{D27C937A-7856-4C13-BBE5-895766D01E1F}.Debug|x86.Build.0 = Debug|Win32
		{D27C937A-7856-4C13-BBE5-895766D01E1F}.Release|x64.ActiveCfg = Release|x64
		{D27C937A-7856-4C13-BBE5-895766D01E1F}.Release|x64.Build.0 = Release|x64
		{D27C937A-7856-4C13-BBE5-895766D01E1F}.Release|x86.ActiveCfg = Release|Win32
		{D27C937A-7856-4C13-BBE5-895766D01E1F}.Release|x86.Build.0 = Release|Win32
	EndGlobalSection
	GlobalSection(SolutionProperties) = preSolution
		HideSolutionNode = FALSE
	EndGlobalSection
	GlobalSection(NestedProjects) = preSolution
		{85E6A570-BCE9-4837-8513-8A5BBA06634C} = {4C2D7D6C-0C6A-46EC-9809-A255A81E2310}
		{C8F6C172-56F2-4E76-B5FA-C3B423B31BE7} = {386096D8-50A9-4232-B37F-F7EA18EB3742}
		{E21D2683-E07F-4AD4-81B1-50F89611D9A0} = {4C2D7D6C-0C6A-46EC-9809-A255A81E2310}
		{76AC6911-6A5A-44D3-8D87-807B3720D68A} = {3EC23263-D4ED-4E38-995F-C0391F560049}
		{231205E8-EAC1-40D6-B0A4-913803CFC243} = {4D703CB8-8428-4CFA-944D-C706E431619D}
		{293C2CB7-EC6B-4002-A815-CDB480A2752F} = {4C2D7D6C-0C6A-46EC-9809-A255A81E2310}
		{C2ADEEE6-0AB0-4B7C-833F-7B96832F1A01} = {386096D8-50A9-4232-B37F-F7EA18EB3742}
		{4C2D7D6C-0C6A-46EC-9809-A255A81E2310} = {A2374516-760A-4631-809E-A9876D8253D7}
		{3EC23263-D4ED-4E38-995F-C0391F560049} = {A2374516-760A-4631-809E-A9876D8253D7}
		{4D703CB8-8428-4CFA-944D-C706E431619D} = {A2374516-760A-4631-809E-A9876D8253D7}
		{CD506C73-100B-4E08-ACD1-8AD079EE9363} = {4D703CB8-8428-4CFA-944D-C706E431619D}
		{D445A586-71A5-4228-8CC9-7E77EBD059D8} = {4C2D7D6C-0C6A-46EC-9809-A255A81E2310}
		{CF0B2C7F-AD84-4337-BE90-0471E51B180C} = {4C2D7D6C-0C6A-46EC-9809-A255A81E2310}
		{D27C937A-7856-4C13-BBE5-895766D01E1F} = {4C2D7D6C-0C6A-46EC-9809-A255A81E2310}
	EndGlobalSection
EndGlobal
