<?xml version="1.0" encoding="utf-8"?>
<Project ToolsVersion="4.0" xmlns="http://schemas.microsoft.com/developer/msbuild/2003">
  <ItemGroup>
    <ClCompile Include="main.cpp" />
    <ClCompile Include="stdafx.cpp" />
    <ClCompile Include="cc3o3.cpp" />
    <ClCompile Include="appstates\TitleScreen.cpp">
      <Filter>appstates</Filter>
    </ClCompile>
    <ClCompile Include="appstates\InitialLoading.cpp">
      <Filter>appstates</Filter>
    </ClCompile>
    <ClCompile Include="appstates\Boot.cpp">
      <Filter>appstates</Filter>
    </ClCompile>
    <ClCompile Include="appstates\TitleScreen_MainMenu.cpp">
      <Filter>appstates</Filter>
    </ClCompile>
    <ClCompile Include="input\HardcodedSetup.cpp">
      <Filter>input</Filter>
    </ClCompile>
    <ClCompile Include="appstates\TitleScreen_Options.cpp">
      <Filter>appstates</Filter>
    </ClCompile>
    <ClCompile Include="appstates\AppStateRoute.cpp">
      <Filter>appstates</Filter>
    </ClCompile>
    <ClCompile Include="ui\LocalizationHelpers.cpp">
      <Filter>ui</Filter>
    </ClCompile>
    <ClCompile Include="appstates\TitleScreen_CharCreate.cpp">
      <Filter>appstates</Filter>
    </ClCompile>
    <ClCompile Include="CommonPaths.cpp" />
    <ClCompile Include="Common.cpp" />
    <ClCompile Include="char\CharacterDatabase.cpp">
      <Filter>char</Filter>
    </ClCompile>
    <ClCompile Include="char\CharacterValidator.cpp">
      <Filter>char</Filter>
    </ClCompile>
  </ItemGroup>
  <ItemGroup>
    <ClInclude Include="project.h" />
    <ClInclude Include="stdafx.h" />
    <ClInclude Include="cc3o3.h" />
    <ClInclude Include="appstates\InitialLoading.h">
      <Filter>appstates</Filter>
    </ClInclude>
    <ClInclude Include="appstates\stdafx.h">
      <Filter>appstates</Filter>
    </ClInclude>
    <ClInclude Include="appstates\project.h">
      <Filter>appstates</Filter>
    </ClInclude>
    <ClInclude Include="appstates\AppStatesFwd.h">
      <Filter>appstates</Filter>
    </ClInclude>
    <ClInclude Include="appstates\Boot.h">
      <Filter>appstates</Filter>
    </ClInclude>
    <ClInclude Include="appstates\TitleScreen.h">
      <Filter>appstates</Filter>
    </ClInclude>
    <ClInclude Include="ui\stdafx.h">
      <Filter>ui</Filter>
    </ClInclude>
    <ClInclude Include="ui\project.h">
      <Filter>ui</Filter>
    </ClInclude>
    <ClInclude Include="ui\UIFwd.h">
      <Filter>ui</Filter>
    </ClInclude>
    <ClInclude Include="appstates\TitleScreen_MainMenu.h">
      <Filter>appstates</Filter>
    </ClInclude>
    <ClInclude Include="input\stdafx.h">
      <Filter>input</Filter>
    </ClInclude>
    <ClInclude Include="input\InputFwd.h">
      <Filter>input</Filter>
    </ClInclude>
    <ClInclude Include="input\project.h">
      <Filter>input</Filter>
    </ClInclude>
    <ClInclude Include="input\HardcodedSetup.h">
      <Filter>input</Filter>
    </ClInclude>
    <ClInclude Include="appstates\TitleScreen_Options.h">
      <Filter>appstates</Filter>
    </ClInclude>
    <ClInclude Include="appstates\AppStateRoute.h">
      <Filter>appstates</Filter>
    </ClInclude>
    <ClInclude Include="ui\LocalizationHelpers.h">
      <Filter>ui</Filter>
    </ClInclude>
    <ClInclude Include="appstates\TitleScreen_CharCreate.h">
      <Filter>appstates</Filter>
    </ClInclude>
    <ClInclude Include="CommonPaths.h" />
    <ClInclude Include="char\project.h">
      <Filter>char</Filter>
    </ClInclude>
    <ClInclude Include="char\stdafx.h">
      <Filter>char</Filter>
    </ClInclude>
    <ClInclude Include="char\Character.h">
      <Filter>char</Filter>
    </ClInclude>
    <ClInclude Include="char\Visuals.h">
      <Filter>char</Filter>
    </ClInclude>
    <ClInclude Include="char\CharFwd.h">
      <Filter>char</Filter>
    </ClInclude>
    <ClInclude Include="char\Genetics.h">
      <Filter>char</Filter>
    </ClInclude>
    <ClInclude Include="char\Stats.h">
      <Filter>char</Filter>
    </ClInclude>
    <ClInclude Include="char\Equipment.h">
      <Filter>char</Filter>
    </ClInclude>
    <ClInclude Include="char\ElementSlots.h">
      <Filter>char</Filter>
    </ClInclude>
    <ClInclude Include="char\CharacterDatabase.h">
      <Filter>char</Filter>
    </ClInclude>
    <ClInclude Include="char\Description.h">
      <Filter>char</Filter>
    </ClInclude>
    <ClInclude Include="Common.h" />
    <ClInclude Include="char\CharacterValidator.h">
      <Filter>char</Filter>
    </ClInclude>
  </ItemGroup>
  <ItemGroup>
    <Filter Include="appstates">
      <UniqueIdentifier>{f51a17ff-828c-4298-9c76-d5542435e0bb}</UniqueIdentifier>
    </Filter>
    <Filter Include="ui">
      <UniqueIdentifier>{dd3e30f1-d240-4ee5-b979-9a5fcc628698}</UniqueIdentifier>
    </Filter>
    <Filter Include="input">
      <UniqueIdentifier>{5ba1e6a8-c973-4afe-8a56-76545c60e754}</UniqueIdentifier>
    </Filter>
    <Filter Include="char">
      <UniqueIdentifier>{7419a65b-047c-463a-b22c-61c48e852a6c}</UniqueIdentifier>
    </Filter>
  </ItemGroup>
</Project>