<?xml version="1.0" encoding="utf-8"?>
<Project ToolsVersion="4.0" xmlns="http://schemas.microsoft.com/developer/msbuild/2003">
  <ItemGroup>
    <ClCompile Include="dllmain.cpp" />
    <ClCompile Include="stdafx.cpp" />
    <ClCompile Include="ChannelSpec.cpp" />
    <ClCompile Include="LogicalEndpoint.cpp" />
    <ClCompile Include="EndpointManager.cpp" />
  </ItemGroup>
  <ItemGroup>
    <ClInclude Include="project.h" />
    <ClInclude Include="stdafx.h" />
    <ClInclude Include="CommunicationFwd.h" />
    <ClInclude Include="ChannelSpec.h" />
    <ClInclude Include="LogicalEndpoint.h" />
    <ClInclude Include="EndpointManager.h" />
  </ItemGroup>
</Project>