<?xml version="1.0" encoding="utf-8"?>
<Project ToolsVersion="4.0" xmlns="http://schemas.microsoft.com/developer/msbuild/2003">
	<ItemGroup>
		<ClCompile Include="dllmain.cpp" />
		<ClCompile Include="stdafx.cpp" />
		<ClCompile Include="RawDialogueEntry.cpp" />
		<ClCompile Include="DialogueLoader.cpp" />
		<ClCompile Include="DialogueSequence.cpp" />
		<ClCompile Include="DialogueEntry.cpp" />
		<ClCompile Include="executors\ConditionSkipper.cpp">
			<Filter>executors</Filter>
		</ClCompile>
	</ItemGroup>
	<ItemGroup>
		<ClInclude Include="project.h" />
		<ClInclude Include="stdafx.h" />
		<ClInclude Include="DialogueFwd.h" />
		<ClInclude Include="RawDialogueEntry.h" />
		<ClInclude Include="DialogueLoader.h" />
		<ClInclude Include="DialogueSequence.h" />
		<ClInclude Include="executors\project.h">
			<Filter>executors</Filter>
		</ClInclude>
		<ClInclude Include="executors\stdafx.h">
			<Filter>executors</Filter>
		</ClInclude>
		<ClInclude Include="DialogueEntry.h" />
		<ClInclude Include="executors\ConditionSkipper.h">
			<Filter>executors</Filter>
		</ClInclude>
	</ItemGroup>
	<ItemGroup>
		<Filter Include="executors">
			<UniqueIdentifier>{c8b42e66-a598-4ea6-bd10-851175df5b3e}</UniqueIdentifier>
		</Filter>
	</ItemGroup>
</Project>