<?xml version="1.0" encoding="utf-8"?>
<Project ToolsVersion="4.0" xmlns="http://schemas.microsoft.com/developer/msbuild/2003">
  <ItemGroup>
    <ClCompile Include="stdafx.cpp" />
    <ClCompile Include="main.cpp" />
    <ClCompile Include="minclude_unique_destroy.cpp" />
    <ClCompile Include="minclude_shared_destroy.cpp" />
    <ClCompile Include="unique_ptr.cpp" />
    <ClCompile Include="shared_ptr.cpp" />
    <ClCompile Include="weak_shared_ptr.cpp" />
    <ClCompile Include="entwined_creator.cpp" />
    <ClCompile Include="minclude_weak_destroy.cpp" />
    <ClCompile Include="math_clamps.cpp" />
    <ClCompile Include="math_casts.cpp" />
    <ClCompile Include="static_array.cpp" />
    <ClCompile Include="vector2.cpp" />
    <ClCompile Include="math_compare.cpp" />
    <ClCompile Include="typelist.cpp" />
    <ClCompile Include="reflect_inspect_function.cpp" />
    <ClCompile Include="reflect_value.cpp" />
  </ItemGroup>
  <ItemGroup>
    <ClInclude Include="stdafx.h" />
  </ItemGroup>
</Project>