<?xml version="1.0" encoding="utf-8"?>
<Project ToolsVersion="4.0" xmlns="http://schemas.microsoft.com/developer/msbuild/2003">
	<ItemGroup>
		<ClCompile Include="dllmain.cpp" />
		<ClCompile Include="stdafx.cpp" />
		<ClCompile Include="RawInputController.cpp" />
		<ClCompile Include="HotkeyController.cpp" />
		<ClCompile Include="GameController.cpp" />
		<ClCompile Include="RawController.cpp" />
		<ClCompile Include="ControllerManager.cpp" />
		<ClCompile Include="MergeController.cpp" />
	</ItemGroup>
	<ItemGroup>
		<ClInclude Include="project.h" />
		<ClInclude Include="stdafx.h" />
		<ClInclude Include="RawController.h" />
		<ClInclude Include="InputFwd.h" />
		<ClInclude Include="GameController.h" />
		<ClInclude Include="RawInputController.h" />
		<ClInclude Include="HotkeyController.h" />
		<ClInclude Include="ControllerManager.h" />
		<ClInclude Include="MergeController.h" />
	</ItemGroup>
</Project>