<?xml version="1.0" encoding="utf-8"?>
<Project ToolsVersion="4.0" xmlns="http://schemas.microsoft.com/developer/msbuild/2003">
	<ItemGroup>
		<ClInclude Include="stdafx.h" />
		<ClInclude Include="ClassInfoCompositor.h" />
		<ClInclude Include="Identifier.h" />
		<ClInclude Include="CreateClassInfoDeclaration.h" />
		<ClInclude Include="CreateClassInfoDefinition.h" />
		<ClInclude Include="ClassInfoAccessor.h" />
		<ClInclude Include="ExtensionAccessorLookup.h" />
		<ClInclude Include="stl_extensions\vector.h">
			<Filter>stl_extensions</Filter>
		</ClInclude>
		<ClInclude Include="TypeTraverser.h" />
		<ClInclude Include="stl_extensions\stdafx.h">
			<Filter>stl_extensions</Filter>
		</ClInclude>
		<ClInclude Include="stl_extensions\string.h">
			<Filter>stl_extensions</Filter>
		</ClInclude>
		<ClInclude Include="TypeInference.h" />
		<ClInclude Include="VirtualCast.h" />
		<ClInclude Include="VirtualPtrCast.h" />
		<ClInclude Include="stl_extensions\array.h">
			<Filter>stl_extensions</Filter>
		</ClInclude>
		<ClInclude Include="rf_extensions\stdafx.h">
			<Filter>rf_extensions</Filter>
		</ClInclude>
		<ClInclude Include="rf_extensions\UniquePtr.h">
			<Filter>rf_extensions</Filter>
		</ClInclude>
	</ItemGroup>
	<ItemGroup>
		<ClCompile Include="stdafx.cpp" />
		<ClCompile Include="Identifier.cpp" />
		<ClCompile Include="stl_extensions\vector.cpp">
			<Filter>stl_extensions</Filter>
		</ClCompile>
		<ClCompile Include="TypeTraverser.cpp" />
		<ClCompile Include="stl_extensions\string.cpp">
			<Filter>stl_extensions</Filter>
		</ClCompile>
		<ClCompile Include="stl_extensions\array.cpp">
			<Filter>stl_extensions</Filter>
		</ClCompile>
		<ClCompile Include="rf_extensions\UniquePtr.cpp">
			<Filter>rf_extensions</Filter>
		</ClCompile>
	</ItemGroup>
	<ItemGroup>
		<Filter Include="stl_extensions">
			<UniqueIdentifier>{9b08a52c-dca6-442a-a22b-01ee2e803539}</UniqueIdentifier>
		</Filter>
		<Filter Include="rf_extensions">
			<UniqueIdentifier>{1e51dc49-a792-4282-a3f3-bc23a10146f2}</UniqueIdentifier>
		</Filter>
	</ItemGroup>
	<ItemGroup>
		<None Include="TypeTraverser.inl" />
		<None Include="VirtualCast.inl" />
		<None Include="VirtualPtrCast.inl" />
	</ItemGroup>
</Project>